
Microsoft Visual Studio Solution File, Format Version 12.00
# Visual Studio Version 16
VisualStudioVersion = 16.0.28803.352
MinimumVisualStudioVersion = 10.0.40219.1
Project("{FAE04EC0-301F-11D3-BF4B-00C04F79EFBC}") = "GFDStudio", "GFDStudio\GFDStudio.csproj", "{75D72552-D73F-47F9-BC26-A5C6BE341901}"
EndProject
Project("{FAE04EC0-301F-11D3-BF4B-00C04F79EFBC}") = "GFDLibrary", "GFDLibrary\GFDLibrary.csproj", "{A41AC644-A107-4788-8E4F-E10CCA64F3B6}"
	ProjectSection(ProjectDependencies) = postProject
		{B1CC2B0E-4226-4AC5-9940-900A8847201A} = {B1CC2B0E-4226-4AC5-9940-900A8847201A}
	EndProjectSection
EndProject
Project("{FAE04EC0-301F-11D3-BF4B-00C04F79EFBC}") = "GFDLibrary.Tests", "GFDLibraryTests\GFDLibrary.Tests.csproj", "{B8FD6F26-3B3B-43C5-AE25-DAF1D5F554BE}"
EndProject
Project("{FAE04EC0-301F-11D3-BF4B-00C04F79EFBC}") = "GFDLibrary.Playground", "GFDLibrary.Playground\GFDLibrary.Playground.csproj", "{4B77AC8E-B257-47F5-8802-2E023EFEB879}"
EndProject
Project("{FAE04EC0-301F-11D3-BF4B-00C04F79EFBC}") = "GFDLibrary.Rendering.OpenGL", "GFDLibrary.Rendering.OpenGL\GFDLibrary.Rendering.OpenGL.csproj", "{D3676CBB-FAF8-4D38-BC6D-8F1E539E0B5C}"
EndProject
Project("{2150E333-8FDC-42A3-9474-1A3956D46DE8}") = "Dependencies", "Dependencies", "{99026BAA-1FC1-4F12-9C8E-B29F5629DA2D}"
EndProject
Project("{FAE04EC0-301F-11D3-BF4B-00C04F79EFBC}") = "Scarlet.IO.ImageFormats", "Dependencies\Scarlet\Scarlet.IO.ImageFormats\Scarlet.IO.ImageFormats.csproj", "{4E7B19C8-1983-41FE-98E4-0532137638FC}"
EndProject
Project("{FAE04EC0-301F-11D3-BF4B-00C04F79EFBC}") = "Scarlet", "Dependencies\Scarlet\Scarlet\Scarlet.csproj", "{B1CC2B0E-4226-4AC5-9940-900A8847201A}"
EndProject
Global
	GlobalSection(SolutionConfigurationPlatforms) = preSolution
		Debug|Any CPU = Debug|Any CPU
		Debug|x64 = Debug|x64
		Debug|x86 = Debug|x86
		Release|Any CPU = Release|Any CPU
		Release|x64 = Release|x64
		Release|x86 = Release|x86
	EndGlobalSection
	GlobalSection(ProjectConfigurationPlatforms) = postSolution
		{75D72552-D73F-47F9-BC26-A5C6BE341901}.Debug|Any CPU.ActiveCfg = Debug|Any CPU
		{75D72552-D73F-47F9-BC26-A5C6BE341901}.Debug|Any CPU.Build.0 = Debug|Any CPU
		{75D72552-D73F-47F9-BC26-A5C6BE341901}.Debug|x64.ActiveCfg = Debug|x64
		{75D72552-D73F-47F9-BC26-A5C6BE341901}.Debug|x64.Build.0 = Debug|x64
		{75D72552-D73F-47F9-BC26-A5C6BE341901}.Debug|x86.ActiveCfg = Debug|x86
		{75D72552-D73F-47F9-BC26-A5C6BE341901}.Debug|x86.Build.0 = Debug|x86
		{75D72552-D73F-47F9-BC26-A5C6BE341901}.Release|Any CPU.ActiveCfg = Release|Any CPU
		{75D72552-D73F-47F9-BC26-A5C6BE341901}.Release|Any CPU.Build.0 = Release|Any CPU
		{75D72552-D73F-47F9-BC26-A5C6BE341901}.Release|x64.ActiveCfg = Release|x64
		{75D72552-D73F-47F9-BC26-A5C6BE341901}.Release|x64.Build.0 = Release|x64
		{75D72552-D73F-47F9-BC26-A5C6BE341901}.Release|x86.ActiveCfg = Release|x86
		{75D72552-D73F-47F9-BC26-A5C6BE341901}.Release|x86.Build.0 = Release|x86
		{A41AC644-A107-4788-8E4F-E10CCA64F3B6}.Debug|Any CPU.ActiveCfg = Debug|Any CPU
		{A41AC644-A107-4788-8E4F-E10CCA64F3B6}.Debug|Any CPU.Build.0 = Debug|Any CPU
		{A41AC644-A107-4788-8E4F-E10CCA64F3B6}.Debug|x64.ActiveCfg = Debug|Any CPU
		{A41AC644-A107-4788-8E4F-E10CCA64F3B6}.Debug|x64.Build.0 = Debug|Any CPU
		{A41AC644-A107-4788-8E4F-E10CCA64F3B6}.Debug|x86.ActiveCfg = Debug|Any CPU
		{A41AC644-A107-4788-8E4F-E10CCA64F3B6}.Debug|x86.Build.0 = Debug|Any CPU
		{A41AC644-A107-4788-8E4F-E10CCA64F3B6}.Release|Any CPU.ActiveCfg = Release|Any CPU
		{A41AC644-A107-4788-8E4F-E10CCA64F3B6}.Release|Any CPU.Build.0 = Release|Any CPU
		{A41AC644-A107-4788-8E4F-E10CCA64F3B6}.Release|x64.ActiveCfg = Release|Any CPU
		{A41AC644-A107-4788-8E4F-E10CCA64F3B6}.Release|x64.Build.0 = Release|Any CPU
		{A41AC644-A107-4788-8E4F-E10CCA64F3B6}.Release|x86.ActiveCfg = Release|Any CPU
		{A41AC644-A107-4788-8E4F-E10CCA64F3B6}.Release|x86.Build.0 = Release|Any CPU
		{B8FD6F26-3B3B-43C5-AE25-DAF1D5F554BE}.Debug|Any CPU.ActiveCfg = Debug|Any CPU
		{B8FD6F26-3B3B-43C5-AE25-DAF1D5F554BE}.Debug|Any CPU.Build.0 = Debug|Any CPU
		{B8FD6F26-3B3B-43C5-AE25-DAF1D5F554BE}.Debug|x64.ActiveCfg = Debug|Any CPU
		{B8FD6F26-3B3B-43C5-AE25-DAF1D5F554BE}.Debug|x64.Build.0 = Debug|Any CPU
		{B8FD6F26-3B3B-43C5-AE25-DAF1D5F554BE}.Debug|x86.ActiveCfg = Debug|Any CPU
		{B8FD6F26-3B3B-43C5-AE25-DAF1D5F554BE}.Debug|x86.Build.0 = Debug|Any CPU
		{B8FD6F26-3B3B-43C5-AE25-DAF1D5F554BE}.Release|Any CPU.ActiveCfg = Release|Any CPU
		{B8FD6F26-3B3B-43C5-AE25-DAF1D5F554BE}.Release|Any CPU.Build.0 = Release|Any CPU
		{B8FD6F26-3B3B-43C5-AE25-DAF1D5F554BE}.Release|x64.ActiveCfg = Release|Any CPU
		{B8FD6F26-3B3B-43C5-AE25-DAF1D5F554BE}.Release|x64.Build.0 = Release|Any CPU
		{B8FD6F26-3B3B-43C5-AE25-DAF1D5F554BE}.Release|x86.ActiveCfg = Release|Any CPU
		{B8FD6F26-3B3B-43C5-AE25-DAF1D5F554BE}.Release|x86.Build.0 = Release|Any CPU
		{4B77AC8E-B257-47F5-8802-2E023EFEB879}.Debug|Any CPU.ActiveCfg = Debug|Any CPU
		{4B77AC8E-B257-47F5-8802-2E023EFEB879}.Debug|Any CPU.Build.0 = Debug|Any CPU
		{4B77AC8E-B257-47F5-8802-2E023EFEB879}.Debug|x64.ActiveCfg = Debug|Any CPU
		{4B77AC8E-B257-47F5-8802-2E023EFEB879}.Debug|x64.Build.0 = Debug|Any CPU
		{4B77AC8E-B257-47F5-8802-2E023EFEB879}.Debug|x86.ActiveCfg = Debug|Any CPU
		{4B77AC8E-B257-47F5-8802-2E023EFEB879}.Debug|x86.Build.0 = Debug|Any CPU
		{4B77AC8E-B257-47F5-8802-2E023EFEB879}.Release|Any CPU.ActiveCfg = Release|Any CPU
		{4B77AC8E-B257-47F5-8802-2E023EFEB879}.Release|Any CPU.Build.0 = Release|Any CPU
		{4B77AC8E-B257-47F5-8802-2E023EFEB879}.Release|x64.ActiveCfg = Release|Any CPU
		{4B77AC8E-B257-47F5-8802-2E023EFEB879}.Release|x64.Build.0 = Release|Any CPU
		{4B77AC8E-B257-47F5-8802-2E023EFEB879}.Release|x86.ActiveCfg = Release|Any CPU
		{4B77AC8E-B257-47F5-8802-2E023EFEB879}.Release|x86.Build.0 = Release|Any CPU
		{D3676CBB-FAF8-4D38-BC6D-8F1E539E0B5C}.Debug|Any CPU.ActiveCfg = Debug|Any CPU
		{D3676CBB-FAF8-4D38-BC6D-8F1E539E0B5C}.Debug|Any CPU.Build.0 = Debug|Any CPU
		{D3676CBB-FAF8-4D38-BC6D-8F1E539E0B5C}.Debug|x64.ActiveCfg = Debug|Any CPU
		{D3676CBB-FAF8-4D38-BC6D-8F1E539E0B5C}.Debug|x64.Build.0 = Debug|Any CPU
		{D3676CBB-FAF8-4D38-BC6D-8F1E539E0B5C}.Debug|x86.ActiveCfg = Debug|Any CPU
		{D3676CBB-FAF8-4D38-BC6D-8F1E539E0B5C}.Debug|x86.Build.0 = Debug|Any CPU
		{D3676CBB-FAF8-4D38-BC6D-8F1E539E0B5C}.Release|Any CPU.ActiveCfg = Release|Any CPU
		{D3676CBB-FAF8-4D38-BC6D-8F1E539E0B5C}.Release|Any CPU.Build.0 = Release|Any CPU
		{D3676CBB-FAF8-4D38-BC6D-8F1E539E0B5C}.Release|x64.ActiveCfg = Release|Any CPU
		{D3676CBB-FAF8-4D38-BC6D-8F1E539E0B5C}.Release|x64.Build.0 = Release|Any CPU
		{D3676CBB-FAF8-4D38-BC6D-8F1E539E0B5C}.Release|x86.ActiveCfg = Release|Any CPU
		{D3676CBB-FAF8-4D38-BC6D-8F1E539E0B5C}.Release|x86.Build.0 = Release|Any CPU
		{4E7B19C8-1983-41FE-98E4-0532137638FC}.Debug|Any CPU.ActiveCfg = Debug|Any CPU
		{4E7B19C8-1983-41FE-98E4-0532137638FC}.Debug|Any CPU.Build.0 = Debug|Any CPU
		{4E7B19C8-1983-41FE-98E4-0532137638FC}.Debug|x64.ActiveCfg = Debug|Any CPU
		{4E7B19C8-1983-41FE-98E4-0532137638FC}.Debug|x64.Build.0 = Debug|Any CPU
		{4E7B19C8-1983-41FE-98E4-0532137638FC}.Debug|x86.ActiveCfg = Debug|Any CPU
		{4E7B19C8-1983-41FE-98E4-0532137638FC}.Debug|x86.Build.0 = Debug|Any CPU
		{4E7B19C8-1983-41FE-98E4-0532137638FC}.Release|Any CPU.ActiveCfg = Release|Any CPU
		{4E7B19C8-1983-41FE-98E4-0532137638FC}.Release|Any CPU.Build.0 = Release|Any CPU
		{4E7B19C8-1983-41FE-98E4-0532137638FC}.Release|x64.ActiveCfg = Release|Any CPU
		{4E7B19C8-1983-41FE-98E4-0532137638FC}.Release|x64.Build.0 = Release|Any CPU
		{4E7B19C8-1983-41FE-98E4-0532137638FC}.Release|x86.ActiveCfg = Release|Any CPU
		{4E7B19C8-1983-41FE-98E4-0532137638FC}.Release|x86.Build.0 = Release|Any CPU
		{B1CC2B0E-4226-4AC5-9940-900A8847201A}.Debug|Any CPU.ActiveCfg = Debug|Any CPU
		{B1CC2B0E-4226-4AC5-9940-900A8847201A}.Debug|Any CPU.Build.0 = Debug|Any CPU
		{B1CC2B0E-4226-4AC5-9940-900A8847201A}.Debug|x64.ActiveCfg = Debug|Any CPU
		{B1CC2B0E-4226-4AC5-9940-900A8847201A}.Debug|x64.Build.0 = Debug|Any CPU
		{B1CC2B0E-4226-4AC5-9940-900A8847201A}.Debug|x86.ActiveCfg = Debug|Any CPU
		{B1CC2B0E-4226-4AC5-9940-900A8847201A}.Debug|x86.Build.0 = Debug|Any CPU
		{B1CC2B0E-4226-4AC5-9940-900A8847201A}.Release|Any CPU.ActiveCfg = Release|Any CPU
		{B1CC2B0E-4226-4AC5-9940-900A8847201A}.Release|Any CPU.Build.0 = Release|Any CPU
		{B1CC2B0E-4226-4AC5-9940-900A8847201A}.Release|x64.ActiveCfg = Release|Any CPU
		{B1CC2B0E-4226-4AC5-9940-900A8847201A}.Release|x64.Build.0 = Release|Any CPU
		{B1CC2B0E-4226-4AC5-9940-900A8847201A}.Release|x86.ActiveCfg = Release|Any CPU
		{B1CC2B0E-4226-4AC5-9940-900A8847201A}.Release|x86.Build.0 = Release|Any CPU
	EndGlobalSection
	GlobalSection(SolutionProperties) = preSolution
		HideSolutionNode = FALSE
	EndGlobalSection
	GlobalSection(NestedProjects) = preSolution
		{4E7B19C8-1983-41FE-98E4-0532137638FC} = {99026BAA-1FC1-4F12-9C8E-B29F5629DA2D}
		{B1CC2B0E-4226-4AC5-9940-900A8847201A} = {99026BAA-1FC1-4F12-9C8E-B29F5629DA2D}
	EndGlobalSection
	GlobalSection(ExtensibilityGlobals) = postSolution
		SolutionGuid = {BD633E5D-8912-4A36-B69C-E40CF3BA12B2}
	EndGlobalSection
EndGlobal
