
Microsoft Visual Studio Solution File, Format Version 12.00
# Visual Studio Version 16
VisualStudioVersion = 16.0.32802.440
MinimumVisualStudioVersion = 10.0.40219.1
Project("{2150E333-8FDC-42A3-9474-1A3956D46DE8}") = "Dependencies", "Dependencies", "{99026BAA-1FC1-4F12-9C8E-B29F5629DA2D}"
EndProject
Project("{FAE04EC0-301F-11D3-BF4B-00C04F79EFBC}") = "Scarlet.IO.ImageFormats", "Dependencies\Scarlet\Scarlet.IO.ImageFormats\Scarlet.IO.ImageFormats.csproj", "{4E7B19C8-1983-41FE-98E4-0532137638FC}"
EndProject
Project("{FAE04EC0-301F-11D3-BF4B-00C04F79EFBC}") = "Scarlet", "Dependencies\Scarlet\Scarlet\Scarlet.csproj", "{B1CC2B0E-4226-4AC5-9940-900A8847201A}"
EndProject
Project("{9A19103F-16F7-4668-BE54-9A1E7A4F7556}") = "GFDLibrary.NET5", "GFDLibrary\GFDLibrary.NET5.csproj", "{FDE3CD40-24C8-4E0A-9286-F6751721877D}"
EndProject
Project("{9A19103F-16F7-4668-BE54-9A1E7A4F7556}") = "GFDLibrary.Rendering.OpenGL", "GFDLibrary.Rendering.OpenGL\GFDLibrary.Rendering.OpenGL.csproj", "{C4429977-DF58-4829-B3B1-23F9FE673F60}"
EndProject
Project("{9A19103F-16F7-4668-BE54-9A1E7A4F7556}") = "GFDLibrary.Tests", "GFDLibrary.Tests\GFDLibrary.Tests.csproj", "{C6F2DA05-2927-466D-9087-AB36B5D27FC9}"
EndProject
Project("{9A19103F-16F7-4668-BE54-9A1E7A4F7556}") = "GFDStudio", "GFDStudio\GFDStudio.csproj", "{E8EADE26-57D5-4C8F-8A72-F550F088F2EF}"
EndProject
Project("{2150E333-8FDC-42A3-9474-1A3956D46DE8}") = "GFDLibrary", "GFDLibrary", "{D8A2A445-B72A-4D3C-BE12-A4205A55C89B}"
EndProject
Project("{2150E333-8FDC-42A3-9474-1A3956D46DE8}") = "NET5", "NET5", "{FB118C81-7E1F-4D89-96D9-12A254AFE8D5}"
EndProject
Project("{2150E333-8FDC-42A3-9474-1A3956D46DE8}") = "Solution Items", "Solution Items", "{78730075-AECA-4BFC-A386-2F8E8E61B195}"
	ProjectSection(SolutionItems) = preProject
		.editorconfig = .editorconfig
	EndProjectSection
EndProject
Project("{FAE04EC0-301F-11D3-BF4B-00C04F79EFBC}") = "TgaDecoderTest", "tga-decoder-cs\TgaDecoderTest.csproj", "{4928554C-ACFF-4D52-885E-F76781DCD4EC}"
EndProject
Global
	GlobalSection(SolutionConfigurationPlatforms) = preSolution
		Debug|Any CPU = Debug|Any CPU
		Debug|x64 = Debug|x64
		Debug|x86 = Debug|x86
		Release|Any CPU = Release|Any CPU
		Release|x64 = Release|x64
		Release|x86 = Release|x86
	EndGlobalSection
	GlobalSection(ProjectConfigurationPlatforms) = postSolution
		{4E7B19C8-1983-41FE-98E4-0532137638FC}.Debug|Any CPU.ActiveCfg = Debug|Any CPU
		{4E7B19C8-1983-41FE-98E4-0532137638FC}.Debug|Any CPU.Build.0 = Debug|Any CPU
		{4E7B19C8-1983-41FE-98E4-0532137638FC}.Debug|x64.ActiveCfg = Debug|Any CPU
		{4E7B19C8-1983-41FE-98E4-0532137638FC}.Debug|x64.Build.0 = Debug|Any CPU
		{4E7B19C8-1983-41FE-98E4-0532137638FC}.Debug|x86.ActiveCfg = Debug|Any CPU
		{4E7B19C8-1983-41FE-98E4-0532137638FC}.Debug|x86.Build.0 = Debug|Any CPU
		{4E7B19C8-1983-41FE-98E4-0532137638FC}.Release|Any CPU.ActiveCfg = Release|Any CPU
		{4E7B19C8-1983-41FE-98E4-0532137638FC}.Release|Any CPU.Build.0 = Release|Any CPU
		{4E7B19C8-1983-41FE-98E4-0532137638FC}.Release|x64.ActiveCfg = Release|Any CPU
		{4E7B19C8-1983-41FE-98E4-0532137638FC}.Release|x64.Build.0 = Release|Any CPU
		{4E7B19C8-1983-41FE-98E4-0532137638FC}.Release|x86.ActiveCfg = Release|Any CPU
		{4E7B19C8-1983-41FE-98E4-0532137638FC}.Release|x86.Build.0 = Release|Any CPU
		{B1CC2B0E-4226-4AC5-9940-900A8847201A}.Debug|Any CPU.ActiveCfg = Debug|Any CPU
		{B1CC2B0E-4226-4AC5-9940-900A8847201A}.Debug|Any CPU.Build.0 = Debug|Any CPU
		{B1CC2B0E-4226-4AC5-9940-900A8847201A}.Debug|x64.ActiveCfg = Debug|Any CPU
		{B1CC2B0E-4226-4AC5-9940-900A8847201A}.Debug|x64.Build.0 = Debug|Any CPU
		{B1CC2B0E-4226-4AC5-9940-900A8847201A}.Debug|x86.ActiveCfg = Debug|Any CPU
		{B1CC2B0E-4226-4AC5-9940-900A8847201A}.Debug|x86.Build.0 = Debug|Any CPU
		{B1CC2B0E-4226-4AC5-9940-900A8847201A}.Release|Any CPU.ActiveCfg = Release|Any CPU
		{B1CC2B0E-4226-4AC5-9940-900A8847201A}.Release|Any CPU.Build.0 = Release|Any CPU
		{B1CC2B0E-4226-4AC5-9940-900A8847201A}.Release|x64.ActiveCfg = Release|Any CPU
		{B1CC2B0E-4226-4AC5-9940-900A8847201A}.Release|x64.Build.0 = Release|Any CPU
		{B1CC2B0E-4226-4AC5-9940-900A8847201A}.Release|x86.ActiveCfg = Release|Any CPU
		{B1CC2B0E-4226-4AC5-9940-900A8847201A}.Release|x86.Build.0 = Release|Any CPU
		{FDE3CD40-24C8-4E0A-9286-F6751721877D}.Debug|Any CPU.ActiveCfg = Debug|Any CPU
		{FDE3CD40-24C8-4E0A-9286-F6751721877D}.Debug|Any CPU.Build.0 = Debug|Any CPU
		{FDE3CD40-24C8-4E0A-9286-F6751721877D}.Debug|x64.ActiveCfg = Debug|Any CPU
		{FDE3CD40-24C8-4E0A-9286-F6751721877D}.Debug|x64.Build.0 = Debug|Any CPU
		{FDE3CD40-24C8-4E0A-9286-F6751721877D}.Debug|x86.ActiveCfg = Debug|Any CPU
		{FDE3CD40-24C8-4E0A-9286-F6751721877D}.Debug|x86.Build.0 = Debug|Any CPU
		{FDE3CD40-24C8-4E0A-9286-F6751721877D}.Release|Any CPU.ActiveCfg = Release|Any CPU
		{FDE3CD40-24C8-4E0A-9286-F6751721877D}.Release|Any CPU.Build.0 = Release|Any CPU
		{FDE3CD40-24C8-4E0A-9286-F6751721877D}.Release|x64.ActiveCfg = Release|Any CPU
		{FDE3CD40-24C8-4E0A-9286-F6751721877D}.Release|x64.Build.0 = Release|Any CPU
		{FDE3CD40-24C8-4E0A-9286-F6751721877D}.Release|x86.ActiveCfg = Release|Any CPU
		{FDE3CD40-24C8-4E0A-9286-F6751721877D}.Release|x86.Build.0 = Release|Any CPU
		{C4429977-DF58-4829-B3B1-23F9FE673F60}.Debug|Any CPU.ActiveCfg = Debug|Any CPU
		{C4429977-DF58-4829-B3B1-23F9FE673F60}.Debug|Any CPU.Build.0 = Debug|Any CPU
		{C4429977-DF58-4829-B3B1-23F9FE673F60}.Debug|x64.ActiveCfg = Debug|Any CPU
		{C4429977-DF58-4829-B3B1-23F9FE673F60}.Debug|x64.Build.0 = Debug|Any CPU
		{C4429977-DF58-4829-B3B1-23F9FE673F60}.Debug|x86.ActiveCfg = Debug|Any CPU
		{C4429977-DF58-4829-B3B1-23F9FE673F60}.Debug|x86.Build.0 = Debug|Any CPU
		{C4429977-DF58-4829-B3B1-23F9FE673F60}.Release|Any CPU.ActiveCfg = Release|Any CPU
		{C4429977-DF58-4829-B3B1-23F9FE673F60}.Release|Any CPU.Build.0 = Release|Any CPU
		{C4429977-DF58-4829-B3B1-23F9FE673F60}.Release|x64.ActiveCfg = Release|Any CPU
		{C4429977-DF58-4829-B3B1-23F9FE673F60}.Release|x64.Build.0 = Release|Any CPU
		{C4429977-DF58-4829-B3B1-23F9FE673F60}.Release|x86.ActiveCfg = Release|Any CPU
		{C4429977-DF58-4829-B3B1-23F9FE673F60}.Release|x86.Build.0 = Release|Any CPU
		{C6F2DA05-2927-466D-9087-AB36B5D27FC9}.Debug|Any CPU.ActiveCfg = Debug|Any CPU
		{C6F2DA05-2927-466D-9087-AB36B5D27FC9}.Debug|Any CPU.Build.0 = Debug|Any CPU
		{C6F2DA05-2927-466D-9087-AB36B5D27FC9}.Debug|x64.ActiveCfg = Debug|Any CPU
		{C6F2DA05-2927-466D-9087-AB36B5D27FC9}.Debug|x64.Build.0 = Debug|Any CPU
		{C6F2DA05-2927-466D-9087-AB36B5D27FC9}.Debug|x86.ActiveCfg = Debug|Any CPU
		{C6F2DA05-2927-466D-9087-AB36B5D27FC9}.Debug|x86.Build.0 = Debug|Any CPU
		{C6F2DA05-2927-466D-9087-AB36B5D27FC9}.Release|Any CPU.ActiveCfg = Release|Any CPU
		{C6F2DA05-2927-466D-9087-AB36B5D27FC9}.Release|Any CPU.Build.0 = Release|Any CPU
		{C6F2DA05-2927-466D-9087-AB36B5D27FC9}.Release|x64.ActiveCfg = Release|Any CPU
		{C6F2DA05-2927-466D-9087-AB36B5D27FC9}.Release|x64.Build.0 = Release|Any CPU
		{C6F2DA05-2927-466D-9087-AB36B5D27FC9}.Release|x86.ActiveCfg = Release|Any CPU
		{C6F2DA05-2927-466D-9087-AB36B5D27FC9}.Release|x86.Build.0 = Release|Any CPU
		{E8EADE26-57D5-4C8F-8A72-F550F088F2EF}.Debug|Any CPU.ActiveCfg = Debug|Any CPU
		{E8EADE26-57D5-4C8F-8A72-F550F088F2EF}.Debug|Any CPU.Build.0 = Debug|Any CPU
		{E8EADE26-57D5-4C8F-8A72-F550F088F2EF}.Debug|x64.ActiveCfg = Debug|Any CPU
		{E8EADE26-57D5-4C8F-8A72-F550F088F2EF}.Debug|x64.Build.0 = Debug|Any CPU
		{E8EADE26-57D5-4C8F-8A72-F550F088F2EF}.Debug|x86.ActiveCfg = Debug|Any CPU
		{E8EADE26-57D5-4C8F-8A72-F550F088F2EF}.Debug|x86.Build.0 = Debug|Any CPU
		{E8EADE26-57D5-4C8F-8A72-F550F088F2EF}.Release|Any CPU.ActiveCfg = Release|Any CPU
		{E8EADE26-57D5-4C8F-8A72-F550F088F2EF}.Release|Any CPU.Build.0 = Release|Any CPU
		{E8EADE26-57D5-4C8F-8A72-F550F088F2EF}.Release|x64.ActiveCfg = Release|Any CPU
		{E8EADE26-57D5-4C8F-8A72-F550F088F2EF}.Release|x64.Build.0 = Release|Any CPU
		{E8EADE26-57D5-4C8F-8A72-F550F088F2EF}.Release|x86.ActiveCfg = Release|Any CPU
		{E8EADE26-57D5-4C8F-8A72-F550F088F2EF}.Release|x86.Build.0 = Release|Any CPU
	EndGlobalSection
	GlobalSection(SolutionProperties) = preSolution
		HideSolutionNode = FALSE
	EndGlobalSection
	GlobalSection(NestedProjects) = preSolution
		{4E7B19C8-1983-41FE-98E4-0532137638FC} = {99026BAA-1FC1-4F12-9C8E-B29F5629DA2D}
		{B1CC2B0E-4226-4AC5-9940-900A8847201A} = {99026BAA-1FC1-4F12-9C8E-B29F5629DA2D}
		{FDE3CD40-24C8-4E0A-9286-F6751721877D} = {FB118C81-7E1F-4D89-96D9-12A254AFE8D5}
		{C4429977-DF58-4829-B3B1-23F9FE673F60} = {FB118C81-7E1F-4D89-96D9-12A254AFE8D5}
		{C6F2DA05-2927-466D-9087-AB36B5D27FC9} = {FB118C81-7E1F-4D89-96D9-12A254AFE8D5}
		{FB118C81-7E1F-4D89-96D9-12A254AFE8D5} = {D8A2A445-B72A-4D3C-BE12-A4205A55C89B}
	EndGlobalSection
	GlobalSection(ExtensibilityGlobals) = postSolution
		SolutionGuid = {BD633E5D-8912-4A36-B69C-E40CF3BA12B2}
	EndGlobalSection
EndGlobal
