
Microsoft Visual Studio Solution File, Format Version 12.00
# Visual Studio Version 17
VisualStudioVersion = 17.5.33530.505
MinimumVisualStudioVersion = 10.0.40219.1
Project("{2150E333-8FDC-42A3-9474-1A3956D46DE8}") = "Dependencies", "Dependencies", "{99026BAA-1FC1-4F12-9C8E-B29F5629DA2D}"
EndProject
Project("{FAE04EC0-301F-11D3-BF4B-00C04F79EFBC}") = "Scarlet.IO.ImageFormats", "Dependencies\Scarlet\Scarlet.IO.ImageFormats\Scarlet.IO.ImageFormats.csproj", "{4E7B19C8-1983-41FE-98E4-0532137638FC}"
EndProject
Project("{FAE04EC0-301F-11D3-BF4B-00C04F79EFBC}") = "Scarlet", "Dependencies\Scarlet\Scarlet\Scarlet.csproj", "{B1CC2B0E-4226-4AC5-9940-900A8847201A}"
EndProject
Project("{9A19103F-16F7-4668-BE54-9A1E7A4F7556}") = "GFDLibrary.Rendering.OpenGL", "GFDLibrary.Rendering.OpenGL\GFDLibrary.Rendering.OpenGL.csproj", "{C4429977-DF58-4829-B3B1-23F9FE673F60}"
EndProject
Project("{9A19103F-16F7-4668-BE54-9A1E7A4F7556}") = "GFDLibrary.Tests", "GFDLibrary.Tests\GFDLibrary.Tests.csproj", "{C6F2DA05-2927-466D-9087-AB36B5D27FC9}"
EndProject
Project("{9A19103F-16F7-4668-BE54-9A1E7A4F7556}") = "GFDStudio", "GFDStudio\GFDStudio.csproj", "{E8EADE26-57D5-4C8F-8A72-F550F088F2EF}"
EndProject
Project("{2150E333-8FDC-42A3-9474-1A3956D46DE8}") = "GFDLibrary", "GFDLibrary", "{D8A2A445-B72A-4D3C-BE12-A4205A55C89B}"
EndProject
Project("{2150E333-8FDC-42A3-9474-1A3956D46DE8}") = "Solution Items", "Solution Items", "{78730075-AECA-4BFC-A386-2F8E8E61B195}"
	ProjectSection(SolutionItems) = preProject
		.editorconfig = .editorconfig
	EndProjectSection
EndProject
Project("{FAE04EC0-301F-11D3-BF4B-00C04F79EFBC}") = "TgaDecoderTest", "Dependencies\tga-decoder-cs\TgaDecoderTest.csproj", "{4928554C-ACFF-4D52-885E-F76781DCD4EC}"
EndProject
Project("{8BC9CEB8-8B4A-11D0-8D11-00A0C91BC942}") = "GFDLibrary.Conversion.FbxSdk", "GFDLibrary.Conversion.FbxSdk\GFDLibrary.Conversion.FbxSdk.vcxproj", "{9034CDF5-52AC-4E6C-9759-879B0B4F3887}"
EndProject
Project("{9A19103F-16F7-4668-BE54-9A1E7A4F7556}") = "GFDLibrary", "GFDLibrary\GFDLibrary.csproj", "{4EFCD3A8-C396-4E3D-B8BE-EADF957B7091}"
EndProject
Project("{9A19103F-16F7-4668-BE54-9A1E7A4F7556}") = "GFDLibrary.Conversion.AssimpNet", "GFDLibrary.Conversion.AssimpNet\GFDLibrary.Conversion.AssimpNet.csproj", "{4FE51727-9E14-4791-8A3C-697A7A40076C}"
EndProject
Project("{FAE04EC0-301F-11D3-BF4B-00C04F79EFBC}") = "GFDLibrary.Conversion.FbxSdk.Tests", "GFDLibrary.Conversion.FbxSdk.Tests\GFDLibrary.Conversion.FbxSdk.Tests.csproj", "{8FDFC60C-5CF0-4BFC-914D-E8992FC2468E}"
EndProject
Global
	GlobalSection(SolutionConfigurationPlatforms) = preSolution
		Debug|Any CPU = Debug|Any CPU
		Debug|x64 = Debug|x64
		Debug|x86 = Debug|x86
		Release|Any CPU = Release|Any CPU
		Release|x64 = Release|x64
		Release|x86 = Release|x86
	EndGlobalSection
	GlobalSection(ProjectConfigurationPlatforms) = postSolution
		{4E7B19C8-1983-41FE-98E4-0532137638FC}.Debug|Any CPU.ActiveCfg = Debug|Any CPU
		{4E7B19C8-1983-41FE-98E4-0532137638FC}.Debug|Any CPU.Build.0 = Debug|Any CPU
		{4E7B19C8-1983-41FE-98E4-0532137638FC}.Debug|x64.ActiveCfg = Debug|Any CPU
		{4E7B19C8-1983-41FE-98E4-0532137638FC}.Debug|x64.Build.0 = Debug|Any CPU
		{4E7B19C8-1983-41FE-98E4-0532137638FC}.Debug|x86.ActiveCfg = Debug|Any CPU
		{4E7B19C8-1983-41FE-98E4-0532137638FC}.Debug|x86.Build.0 = Debug|Any CPU
		{4E7B19C8-1983-41FE-98E4-0532137638FC}.Release|Any CPU.ActiveCfg = Release|Any CPU
		{4E7B19C8-1983-41FE-98E4-0532137638FC}.Release|Any CPU.Build.0 = Release|Any CPU
		{4E7B19C8-1983-41FE-98E4-0532137638FC}.Release|x64.ActiveCfg = Release|Any CPU
		{4E7B19C8-1983-41FE-98E4-0532137638FC}.Release|x64.Build.0 = Release|Any CPU
		{4E7B19C8-1983-41FE-98E4-0532137638FC}.Release|x86.ActiveCfg = Release|Any CPU
		{4E7B19C8-1983-41FE-98E4-0532137638FC}.Release|x86.Build.0 = Release|Any CPU
		{B1CC2B0E-4226-4AC5-9940-900A8847201A}.Debug|Any CPU.ActiveCfg = Debug|Any CPU
		{B1CC2B0E-4226-4AC5-9940-900A8847201A}.Debug|Any CPU.Build.0 = Debug|Any CPU
		{B1CC2B0E-4226-4AC5-9940-900A8847201A}.Debug|x64.ActiveCfg = Debug|Any CPU
		{B1CC2B0E-4226-4AC5-9940-900A8847201A}.Debug|x64.Build.0 = Debug|Any CPU
		{B1CC2B0E-4226-4AC5-9940-900A8847201A}.Debug|x86.ActiveCfg = Debug|Any CPU
		{B1CC2B0E-4226-4AC5-9940-900A8847201A}.Debug|x86.Build.0 = Debug|Any CPU
		{B1CC2B0E-4226-4AC5-9940-900A8847201A}.Release|Any CPU.ActiveCfg = Release|Any CPU
		{B1CC2B0E-4226-4AC5-9940-900A8847201A}.Release|Any CPU.Build.0 = Release|Any CPU
		{B1CC2B0E-4226-4AC5-9940-900A8847201A}.Release|x64.ActiveCfg = Release|Any CPU
		{B1CC2B0E-4226-4AC5-9940-900A8847201A}.Release|x64.Build.0 = Release|Any CPU
		{B1CC2B0E-4226-4AC5-9940-900A8847201A}.Release|x86.ActiveCfg = Release|Any CPU
		{B1CC2B0E-4226-4AC5-9940-900A8847201A}.Release|x86.Build.0 = Release|Any CPU
		{C4429977-DF58-4829-B3B1-23F9FE673F60}.Debug|Any CPU.ActiveCfg = Debug|Any CPU
		{C4429977-DF58-4829-B3B1-23F9FE673F60}.Debug|Any CPU.Build.0 = Debug|Any CPU
		{C4429977-DF58-4829-B3B1-23F9FE673F60}.Debug|x64.ActiveCfg = Debug|Any CPU
		{C4429977-DF58-4829-B3B1-23F9FE673F60}.Debug|x64.Build.0 = Debug|Any CPU
		{C4429977-DF58-4829-B3B1-23F9FE673F60}.Debug|x86.ActiveCfg = Debug|Any CPU
		{C4429977-DF58-4829-B3B1-23F9FE673F60}.Debug|x86.Build.0 = Debug|Any CPU
		{C4429977-DF58-4829-B3B1-23F9FE673F60}.Release|Any CPU.ActiveCfg = Release|Any CPU
		{C4429977-DF58-4829-B3B1-23F9FE673F60}.Release|Any CPU.Build.0 = Release|Any CPU
		{C4429977-DF58-4829-B3B1-23F9FE673F60}.Release|x64.ActiveCfg = Release|Any CPU
		{C4429977-DF58-4829-B3B1-23F9FE673F60}.Release|x64.Build.0 = Release|Any CPU
		{C4429977-DF58-4829-B3B1-23F9FE673F60}.Release|x86.ActiveCfg = Release|Any CPU
		{C4429977-DF58-4829-B3B1-23F9FE673F60}.Release|x86.Build.0 = Release|Any CPU
		{C6F2DA05-2927-466D-9087-AB36B5D27FC9}.Debug|Any CPU.ActiveCfg = Debug|Any CPU
		{C6F2DA05-2927-466D-9087-AB36B5D27FC9}.Debug|Any CPU.Build.0 = Debug|Any CPU
		{C6F2DA05-2927-466D-9087-AB36B5D27FC9}.Debug|x64.ActiveCfg = Debug|Any CPU
		{C6F2DA05-2927-466D-9087-AB36B5D27FC9}.Debug|x64.Build.0 = Debug|Any CPU
		{C6F2DA05-2927-466D-9087-AB36B5D27FC9}.Debug|x86.ActiveCfg = Debug|Any CPU
		{C6F2DA05-2927-466D-9087-AB36B5D27FC9}.Debug|x86.Build.0 = Debug|Any CPU
		{C6F2DA05-2927-466D-9087-AB36B5D27FC9}.Release|Any CPU.ActiveCfg = Release|Any CPU
		{C6F2DA05-2927-466D-9087-AB36B5D27FC9}.Release|Any CPU.Build.0 = Release|Any CPU
		{C6F2DA05-2927-466D-9087-AB36B5D27FC9}.Release|x64.ActiveCfg = Release|Any CPU
		{C6F2DA05-2927-466D-9087-AB36B5D27FC9}.Release|x64.Build.0 = Release|Any CPU
		{C6F2DA05-2927-466D-9087-AB36B5D27FC9}.Release|x86.ActiveCfg = Release|Any CPU
		{C6F2DA05-2927-466D-9087-AB36B5D27FC9}.Release|x86.Build.0 = Release|Any CPU
		{E8EADE26-57D5-4C8F-8A72-F550F088F2EF}.Debug|Any CPU.ActiveCfg = Debug|Any CPU
		{E8EADE26-57D5-4C8F-8A72-F550F088F2EF}.Debug|Any CPU.Build.0 = Debug|Any CPU
		{E8EADE26-57D5-4C8F-8A72-F550F088F2EF}.Debug|x64.ActiveCfg = Debug|Any CPU
		{E8EADE26-57D5-4C8F-8A72-F550F088F2EF}.Debug|x64.Build.0 = Debug|Any CPU
		{E8EADE26-57D5-4C8F-8A72-F550F088F2EF}.Debug|x86.ActiveCfg = Debug|Any CPU
		{E8EADE26-57D5-4C8F-8A72-F550F088F2EF}.Debug|x86.Build.0 = Debug|Any CPU
		{E8EADE26-57D5-4C8F-8A72-F550F088F2EF}.Release|Any CPU.ActiveCfg = Release|Any CPU
		{E8EADE26-57D5-4C8F-8A72-F550F088F2EF}.Release|Any CPU.Build.0 = Release|Any CPU
		{E8EADE26-57D5-4C8F-8A72-F550F088F2EF}.Release|x64.ActiveCfg = Release|Any CPU
		{E8EADE26-57D5-4C8F-8A72-F550F088F2EF}.Release|x64.Build.0 = Release|Any CPU
		{E8EADE26-57D5-4C8F-8A72-F550F088F2EF}.Release|x86.ActiveCfg = Release|Any CPU
		{E8EADE26-57D5-4C8F-8A72-F550F088F2EF}.Release|x86.Build.0 = Release|Any CPU
		{4928554C-ACFF-4D52-885E-F76781DCD4EC}.Debug|Any CPU.ActiveCfg = Debug|x86
		{4928554C-ACFF-4D52-885E-F76781DCD4EC}.Debug|Any CPU.Build.0 = Debug|x86
		{4928554C-ACFF-4D52-885E-F76781DCD4EC}.Debug|x64.ActiveCfg = Debug|x86
		{4928554C-ACFF-4D52-885E-F76781DCD4EC}.Debug|x64.Build.0 = Debug|x86
		{4928554C-ACFF-4D52-885E-F76781DCD4EC}.Debug|x86.ActiveCfg = Debug|x86
		{4928554C-ACFF-4D52-885E-F76781DCD4EC}.Debug|x86.Build.0 = Debug|x86
		{4928554C-ACFF-4D52-885E-F76781DCD4EC}.Release|Any CPU.ActiveCfg = Release|x86
		{4928554C-ACFF-4D52-885E-F76781DCD4EC}.Release|Any CPU.Build.0 = Release|x86
		{4928554C-ACFF-4D52-885E-F76781DCD4EC}.Release|x64.ActiveCfg = Release|x86
		{4928554C-ACFF-4D52-885E-F76781DCD4EC}.Release|x64.Build.0 = Release|x86
		{4928554C-ACFF-4D52-885E-F76781DCD4EC}.Release|x86.ActiveCfg = Release|x86
		{4928554C-ACFF-4D52-885E-F76781DCD4EC}.Release|x86.Build.0 = Release|x86
		{9034CDF5-52AC-4E6C-9759-879B0B4F3887}.Debug|Any CPU.ActiveCfg = Debug|x64
		{9034CDF5-52AC-4E6C-9759-879B0B4F3887}.Debug|Any CPU.Build.0 = Debug|x64
		{9034CDF5-52AC-4E6C-9759-879B0B4F3887}.Debug|x64.ActiveCfg = Debug|x64
		{9034CDF5-52AC-4E6C-9759-879B0B4F3887}.Debug|x64.Build.0 = Debug|x64
		{9034CDF5-52AC-4E6C-9759-879B0B4F3887}.Debug|x86.ActiveCfg = Debug|Win32
		{9034CDF5-52AC-4E6C-9759-879B0B4F3887}.Debug|x86.Build.0 = Debug|Win32
		{9034CDF5-52AC-4E6C-9759-879B0B4F3887}.Release|Any CPU.ActiveCfg = Release|x64
		{9034CDF5-52AC-4E6C-9759-879B0B4F3887}.Release|Any CPU.Build.0 = Release|x64
		{9034CDF5-52AC-4E6C-9759-879B0B4F3887}.Release|x64.ActiveCfg = Release|x64
		{9034CDF5-52AC-4E6C-9759-879B0B4F3887}.Release|x64.Build.0 = Release|x64
		{9034CDF5-52AC-4E6C-9759-879B0B4F3887}.Release|x86.ActiveCfg = Release|Win32
		{9034CDF5-52AC-4E6C-9759-879B0B4F3887}.Release|x86.Build.0 = Release|Win32
		{4EFCD3A8-C396-4E3D-B8BE-EADF957B7091}.Debug|Any CPU.ActiveCfg = Debug|Any CPU
		{4EFCD3A8-C396-4E3D-B8BE-EADF957B7091}.Debug|Any CPU.Build.0 = Debug|Any CPU
		{4EFCD3A8-C396-4E3D-B8BE-EADF957B7091}.Debug|x64.ActiveCfg = Debug|Any CPU
		{4EFCD3A8-C396-4E3D-B8BE-EADF957B7091}.Debug|x64.Build.0 = Debug|Any CPU
		{4EFCD3A8-C396-4E3D-B8BE-EADF957B7091}.Debug|x86.ActiveCfg = Debug|Any CPU
		{4EFCD3A8-C396-4E3D-B8BE-EADF957B7091}.Debug|x86.Build.0 = Debug|Any CPU
		{4EFCD3A8-C396-4E3D-B8BE-EADF957B7091}.Release|Any CPU.ActiveCfg = Release|Any CPU
		{4EFCD3A8-C396-4E3D-B8BE-EADF957B7091}.Release|Any CPU.Build.0 = Release|Any CPU
		{4EFCD3A8-C396-4E3D-B8BE-EADF957B7091}.Release|x64.ActiveCfg = Release|Any CPU
		{4EFCD3A8-C396-4E3D-B8BE-EADF957B7091}.Release|x64.Build.0 = Release|Any CPU
		{4EFCD3A8-C396-4E3D-B8BE-EADF957B7091}.Release|x86.ActiveCfg = Release|Any CPU
		{4EFCD3A8-C396-4E3D-B8BE-EADF957B7091}.Release|x86.Build.0 = Release|Any CPU
		{4FE51727-9E14-4791-8A3C-697A7A40076C}.Debug|Any CPU.ActiveCfg = Debug|Any CPU
		{4FE51727-9E14-4791-8A3C-697A7A40076C}.Debug|Any CPU.Build.0 = Debug|Any CPU
		{4FE51727-9E14-4791-8A3C-697A7A40076C}.Debug|x64.ActiveCfg = Debug|Any CPU
		{4FE51727-9E14-4791-8A3C-697A7A40076C}.Debug|x64.Build.0 = Debug|Any CPU
		{4FE51727-9E14-4791-8A3C-697A7A40076C}.Debug|x86.ActiveCfg = Debug|Any CPU
		{4FE51727-9E14-4791-8A3C-697A7A40076C}.Debug|x86.Build.0 = Debug|Any CPU
		{4FE51727-9E14-4791-8A3C-697A7A40076C}.Release|Any CPU.ActiveCfg = Release|Any CPU
		{4FE51727-9E14-4791-8A3C-697A7A40076C}.Release|Any CPU.Build.0 = Release|Any CPU
		{4FE51727-9E14-4791-8A3C-697A7A40076C}.Release|x64.ActiveCfg = Release|Any CPU
		{4FE51727-9E14-4791-8A3C-697A7A40076C}.Release|x64.Build.0 = Release|Any CPU
		{4FE51727-9E14-4791-8A3C-697A7A40076C}.Release|x86.ActiveCfg = Release|Any CPU
		{4FE51727-9E14-4791-8A3C-697A7A40076C}.Release|x86.Build.0 = Release|Any CPU
		{8FDFC60C-5CF0-4BFC-914D-E8992FC2468E}.Debug|Any CPU.ActiveCfg = Debug|Any CPU
		{8FDFC60C-5CF0-4BFC-914D-E8992FC2468E}.Debug|Any CPU.Build.0 = Debug|Any CPU
		{8FDFC60C-5CF0-4BFC-914D-E8992FC2468E}.Debug|x64.ActiveCfg = Debug|Any CPU
		{8FDFC60C-5CF0-4BFC-914D-E8992FC2468E}.Debug|x64.Build.0 = Debug|Any CPU
		{8FDFC60C-5CF0-4BFC-914D-E8992FC2468E}.Debug|x86.ActiveCfg = Debug|Any CPU
		{8FDFC60C-5CF0-4BFC-914D-E8992FC2468E}.Debug|x86.Build.0 = Debug|Any CPU
		{8FDFC60C-5CF0-4BFC-914D-E8992FC2468E}.Release|Any CPU.ActiveCfg = Release|Any CPU
		{8FDFC60C-5CF0-4BFC-914D-E8992FC2468E}.Release|Any CPU.Build.0 = Release|Any CPU
		{8FDFC60C-5CF0-4BFC-914D-E8992FC2468E}.Release|x64.ActiveCfg = Release|Any CPU
		{8FDFC60C-5CF0-4BFC-914D-E8992FC2468E}.Release|x64.Build.0 = Release|Any CPU
		{8FDFC60C-5CF0-4BFC-914D-E8992FC2468E}.Release|x86.ActiveCfg = Release|Any CPU
		{8FDFC60C-5CF0-4BFC-914D-E8992FC2468E}.Release|x86.Build.0 = Release|Any CPU
	EndGlobalSection
	GlobalSection(SolutionProperties) = preSolution
		HideSolutionNode = FALSE
	EndGlobalSection
	GlobalSection(NestedProjects) = preSolution
		{4E7B19C8-1983-41FE-98E4-0532137638FC} = {99026BAA-1FC1-4F12-9C8E-B29F5629DA2D}
		{B1CC2B0E-4226-4AC5-9940-900A8847201A} = {99026BAA-1FC1-4F12-9C8E-B29F5629DA2D}
		{C4429977-DF58-4829-B3B1-23F9FE673F60} = {D8A2A445-B72A-4D3C-BE12-A4205A55C89B}
		{C6F2DA05-2927-466D-9087-AB36B5D27FC9} = {D8A2A445-B72A-4D3C-BE12-A4205A55C89B}
		{4928554C-ACFF-4D52-885E-F76781DCD4EC} = {99026BAA-1FC1-4F12-9C8E-B29F5629DA2D}
		{9034CDF5-52AC-4E6C-9759-879B0B4F3887} = {D8A2A445-B72A-4D3C-BE12-A4205A55C89B}
		{4EFCD3A8-C396-4E3D-B8BE-EADF957B7091} = {D8A2A445-B72A-4D3C-BE12-A4205A55C89B}
		{4FE51727-9E14-4791-8A3C-697A7A40076C} = {D8A2A445-B72A-4D3C-BE12-A4205A55C89B}
		{8FDFC60C-5CF0-4BFC-914D-E8992FC2468E} = {D8A2A445-B72A-4D3C-BE12-A4205A55C89B}
	EndGlobalSection
	GlobalSection(ExtensibilityGlobals) = postSolution
		SolutionGuid = {BD633E5D-8912-4A36-B69C-E40CF3BA12B2}
	EndGlobalSection
EndGlobal
